
Microsoft Visual Studio Solution File, Format Version 12.00
# Visual Studio Version 16
VisualStudioVersion = 16.0.32106.194
MinimumVisualStudioVersion = 10.0.40219.1
Project("{8BC9CEB8-8B4A-11D0-8D11-00A0C91BC942}") = "XorberaxMod", "XorberaxMod.vcxproj", "{DC2E934E-8244-4568-98C3-CBDA15E30536}"
EndProject
Global
	GlobalSection(SolutionConfigurationPlatforms) = preSolution
		LuaDumper|x64 = LuaDumper|x64
		LuaDumper|x86 = LuaDumper|x86
		LuaReplacer|x64 = LuaReplacer|x64
		LuaReplacer|x86 = LuaReplacer|x86
	EndGlobalSection
	GlobalSection(ProjectConfigurationPlatforms) = postSolution
		{DC2E934E-8244-4568-98C3-CBDA15E30536}.LuaDumper|x64.ActiveCfg = LuaDumper|x64
		{DC2E934E-8244-4568-98C3-CBDA15E30536}.LuaDumper|x64.Build.0 = LuaDumper|x64
		{DC2E934E-8244-4568-98C3-CBDA15E30536}.LuaDumper|x86.ActiveCfg = LuaDumper|Win32
		{DC2E934E-8244-4568-98C3-CBDA15E30536}.LuaDumper|x86.Build.0 = LuaDumper|Win32
		{DC2E934E-8244-4568-98C3-CBDA15E30536}.LuaReplacer|x64.ActiveCfg = LuaReplacer|x64
		{DC2E934E-8244-4568-98C3-CBDA15E30536}.LuaReplacer|x64.Build.0 = LuaReplacer|x64
		{DC2E934E-8244-4568-98C3-CBDA15E30536}.LuaReplacer|x86.ActiveCfg = LuaReplacer|Win32
		{DC2E934E-8244-4568-98C3-CBDA15E30536}.LuaReplacer|x86.Build.0 = LuaReplacer|Win32
	EndGlobalSection
	GlobalSection(SolutionProperties) = preSolution
		HideSolutionNode = FALSE
	EndGlobalSection
	GlobalSection(ExtensibilityGlobals) = postSolution
		SolutionGuid = {DCBCE028-8CB6-4264-B1F0-A82608D4B4D1}
	EndGlobalSection
EndGlobal
